// !$*UTF8*$!
{
	archiveVersion = 1;
	classes = {
	};
	objectVersion = 50;
	objects = {

/* Begin PBXBuildFile section */
		9E6527DB256FD75700F95E08 /* GridLayout.swift in Sources */ = {isa = PBXBuildFile; fileRef = 9E6527DA256FD75600F95E08 /* GridLayout.swift */; };
		9E6527DE256FD79600F95E08 /* Grid.swift in Sources */ = {isa = PBXBuildFile; fileRef = 9E6527DD256FD79600F95E08 /* Grid.swift */; };
		9E674812256FE033004C1837 /* Array+Identifiable.swift in Sources */ = {isa = PBXBuildFile; fileRef = 9E674811256FE033004C1837 /* Array+Identifiable.swift */; };
		9E67481B25726FD8004C1837 /* Array+Only.swift in Sources */ = {isa = PBXBuildFile; fileRef = 9E67481A25726FD8004C1837 /* Array+Only.swift */; };
		9E67481F2573B9E3004C1837 /* Pie.swift in Sources */ = {isa = PBXBuildFile; fileRef = 9E67481E2573B9E3004C1837 /* Pie.swift */; };
		9E6748232573C142004C1837 /* Cardify.swift in Sources */ = {isa = PBXBuildFile; fileRef = 9E6748222573C142004C1837 /* Cardify.swift */; };
		9EC04A3A256D8CC000C37E7F /* AppDelegate.swift in Sources */ = {isa = PBXBuildFile; fileRef = 9EC04A39256D8CC000C37E7F /* AppDelegate.swift */; };
		9EC04A3C256D8CC000C37E7F /* SceneDelegate.swift in Sources */ = {isa = PBXBuildFile; fileRef = 9EC04A3B256D8CC000C37E7F /* SceneDelegate.swift */; };
		9EC04A3E256D8CC000C37E7F /* EmojiMemoryGameView.swift in Sources */ = {isa = PBXBuildFile; fileRef = 9EC04A3D256D8CC000C37E7F /* EmojiMemoryGameView.swift */; };
		9EC04A40256D8CC300C37E7F /* Assets.xcassets in Resources */ = {isa = PBXBuildFile; fileRef = 9EC04A3F256D8CC300C37E7F /* Assets.xcassets */; };
		9EC04A43256D8CC300C37E7F /* Preview Assets.xcassets in Resources */ = {isa = PBXBuildFile; fileRef = 9EC04A42256D8CC300C37E7F /* Preview Assets.xcassets */; };
		9EC04A46256D8CC400C37E7F /* LaunchScreen.storyboard in Resources */ = {isa = PBXBuildFile; fileRef = 9EC04A44256D8CC400C37E7F /* LaunchScreen.storyboard */; };
		9EC04A4F256E745800C37E7F /* MemoryGame.swift in Sources */ = {isa = PBXBuildFile; fileRef = 9EC04A4E256E745800C37E7F /* MemoryGame.swift */; };
		9EC04A53256E751F00C37E7F /* EmojiMemoryGame.swift in Sources */ = {isa = PBXBuildFile; fileRef = 9EC04A52256E751F00C37E7F /* EmojiMemoryGame.swift */; };
/* End PBXBuildFile section */

/* Begin PBXFileReference section */
		9E6527DA256FD75600F95E08 /* GridLayout.swift */ = {isa = PBXFileReference; fileEncoding = 4; lastKnownFileType = sourcecode.swift; path = GridLayout.swift; sourceTree = "<group>"; };
		9E6527DD256FD79600F95E08 /* Grid.swift */ = {isa = PBXFileReference; lastKnownFileType = sourcecode.swift; path = Grid.swift; sourceTree = "<group>"; };
		9E674811256FE033004C1837 /* Array+Identifiable.swift */ = {isa = PBXFileReference; lastKnownFileType = sourcecode.swift; path = "Array+Identifiable.swift"; sourceTree = "<group>"; };
		9E67481A25726FD8004C1837 /* Array+Only.swift */ = {isa = PBXFileReference; lastKnownFileType = sourcecode.swift; path = "Array+Only.swift"; sourceTree = "<group>"; };
		9E67481E2573B9E3004C1837 /* Pie.swift */ = {isa = PBXFileReference; lastKnownFileType = sourcecode.swift; path = Pie.swift; sourceTree = "<group>"; };
		9E6748222573C142004C1837 /* Cardify.swift */ = {isa = PBXFileReference; lastKnownFileType = sourcecode.swift; path = Cardify.swift; sourceTree = "<group>"; };
		9EC04A36256D8CC000C37E7F /* Memorize.app */ = {isa = PBXFileReference; explicitFileType = wrapper.application; includeInIndex = 0; path = Memorize.app; sourceTree = BUILT_PRODUCTS_DIR; };
		9EC04A39256D8CC000C37E7F /* AppDelegate.swift */ = {isa = PBXFileReference; lastKnownFileType = sourcecode.swift; path = AppDelegate.swift; sourceTree = "<group>"; };
		9EC04A3B256D8CC000C37E7F /* SceneDelegate.swift */ = {isa = PBXFileReference; lastKnownFileType = sourcecode.swift; path = SceneDelegate.swift; sourceTree = "<group>"; };
		9EC04A3D256D8CC000C37E7F /* EmojiMemoryGameView.swift */ = {isa = PBXFileReference; lastKnownFileType = sourcecode.swift; path = EmojiMemoryGameView.swift; sourceTree = "<group>"; };
		9EC04A3F256D8CC300C37E7F /* Assets.xcassets */ = {isa = PBXFileReference; lastKnownFileType = folder.assetcatalog; path = Assets.xcassets; sourceTree = "<group>"; };
		9EC04A42256D8CC300C37E7F /* Preview Assets.xcassets */ = {isa = PBXFileReference; lastKnownFileType = folder.assetcatalog; path = "Preview Assets.xcassets"; sourceTree = "<group>"; };
		9EC04A45256D8CC400C37E7F /* Base */ = {isa = PBXFileReference; lastKnownFileType = file.storyboard; name = Base; path = Base.lproj/LaunchScreen.storyboard; sourceTree = "<group>"; };
		9EC04A47256D8CC400C37E7F /* Info.plist */ = {isa = PBXFileReference; lastKnownFileType = text.plist.xml; path = Info.plist; sourceTree = "<group>"; };
		9EC04A4E256E745800C37E7F /* MemoryGame.swift */ = {isa = PBXFileReference; lastKnownFileType = sourcecode.swift; path = MemoryGame.swift; sourceTree = "<group>"; };
		9EC04A52256E751F00C37E7F /* EmojiMemoryGame.swift */ = {isa = PBXFileReference; lastKnownFileType = sourcecode.swift; path = EmojiMemoryGame.swift; sourceTree = "<group>"; };
/* End PBXFileReference section */

/* Begin PBXFrameworksBuildPhase section */
		9EC04A33256D8CC000C37E7F /* Frameworks */ = {
			isa = PBXFrameworksBuildPhase;
			buildActionMask = 2147483647;
			files = (
			);
			runOnlyForDeploymentPostprocessing = 0;
		};
/* End PBXFrameworksBuildPhase section */

/* Begin PBXGroup section */
		9EC04A2D256D8CBF00C37E7F = {
			isa = PBXGroup;
			children = (
				9EC04A38256D8CC000C37E7F /* Memorize */,
			);
			sourceTree = "<group>";
		};
		9EC04A37256D8CC000C37E7F /* Products */ = {
			isa = PBXGroup;
			children = (
				9EC04A36256D8CC000C37E7F /* Memorize.app */,
			);
			name = Products;
			path = ..;
			sourceTree = "<group>";
		};
		9EC04A38256D8CC000C37E7F /* Memorize */ = {
			isa = PBXGroup;
			children = (
				9EC04A39256D8CC000C37E7F /* AppDelegate.swift */,
				9EC04A3B256D8CC000C37E7F /* SceneDelegate.swift */,
				9E674811256FE033004C1837 /* Array+Identifiable.swift */,
				9E67481A25726FD8004C1837 /* Array+Only.swift */,
				9EC04A4E256E745800C37E7F /* MemoryGame.swift */,
				9EC04A52256E751F00C37E7F /* EmojiMemoryGame.swift */,
				9EC04A3D256D8CC000C37E7F /* EmojiMemoryGameView.swift */,
				9E6748222573C142004C1837 /* Cardify.swift */,
				9E6527DD256FD79600F95E08 /* Grid.swift */,
				9E6527DA256FD75600F95E08 /* GridLayout.swift */,
				9E67481E2573B9E3004C1837 /* Pie.swift */,
				9EC04A3F256D8CC300C37E7F /* Assets.xcassets */,
				9EC04A44256D8CC400C37E7F /* LaunchScreen.storyboard */,
				9EC04A47256D8CC400C37E7F /* Info.plist */,
				9EC04A37256D8CC000C37E7F /* Products */,
				9EC04A41256D8CC300C37E7F /* Preview Content */,
			);
			path = Memorize;
			sourceTree = "<group>";
		};
		9EC04A41256D8CC300C37E7F /* Preview Content */ = {
			isa = PBXGroup;
			children = (
				9EC04A42256D8CC300C37E7F /* Preview Assets.xcassets */,
			);
			path = "Preview Content";
			sourceTree = "<group>";
		};
/* End PBXGroup section */

/* Begin PBXNativeTarget section */
		9EC04A35256D8CC000C37E7F /* Memorize */ = {
			isa = PBXNativeTarget;
			buildConfigurationList = 9EC04A4A256D8CC400C37E7F /* Build configuration list for PBXNativeTarget "Memorize" */;
			buildPhases = (
				9EC04A32256D8CC000C37E7F /* Sources */,
				9EC04A33256D8CC000C37E7F /* Frameworks */,
				9EC04A34256D8CC000C37E7F /* Resources */,
			);
			buildRules = (
			);
			dependencies = (
			);
			name = Memorize;
			productName = Memorize;
			productReference = 9EC04A36256D8CC000C37E7F /* Memorize.app */;
			productType = "com.apple.product-type.application";
		};
/* End PBXNativeTarget section */

/* Begin PBXProject section */
		9EC04A2E256D8CC000C37E7F /* Project object */ = {
			isa = PBXProject;
			attributes = {
				LastSwiftUpdateCheck = 1220;
				LastUpgradeCheck = 1220;
				TargetAttributes = {
					9EC04A35256D8CC000C37E7F = {
						CreatedOnToolsVersion = 12.2;
					};
				};
			};
			buildConfigurationList = 9EC04A31256D8CC000C37E7F /* Build configuration list for PBXProject "Memorize" */;
			compatibilityVersion = "Xcode 9.3";
			developmentRegion = en;
			hasScannedForEncodings = 0;
			knownRegions = (
				en,
				Base,
			);
			mainGroup = 9EC04A2D256D8CBF00C37E7F;
			productRefGroup = 9EC04A37256D8CC000C37E7F /* Products */;
			projectDirPath = "";
			projectRoot = "";
			targets = (
				9EC04A35256D8CC000C37E7F /* Memorize */,
			);
		};
/* End PBXProject section */

/* Begin PBXResourcesBuildPhase section */
		9EC04A34256D8CC000C37E7F /* Resources */ = {
			isa = PBXResourcesBuildPhase;
			buildActionMask = 2147483647;
			files = (
				9EC04A46256D8CC400C37E7F /* LaunchScreen.storyboard in Resources */,
				9EC04A43256D8CC300C37E7F /* Preview Assets.xcassets in Resources */,
				9EC04A40256D8CC300C37E7F /* Assets.xcassets in Resources */,
			);
			runOnlyForDeploymentPostprocessing = 0;
		};
/* End PBXResourcesBuildPhase section */

/* Begin PBXSourcesBuildPhase section */
		9EC04A32256D8CC000C37E7F /* Sources */ = {
			isa = PBXSourcesBuildPhase;
			buildActionMask = 2147483647;
			files = (
				9E6748232573C142004C1837 /* Cardify.swift in Sources */,
				9E67481F2573B9E3004C1837 /* Pie.swift in Sources */,
				9EC04A3A256D8CC000C37E7F /* AppDelegate.swift in Sources */,
				9EC04A3C256D8CC000C37E7F /* SceneDelegate.swift in Sources */,
				9EC04A4F256E745800C37E7F /* MemoryGame.swift in Sources */,
				9E67481B25726FD8004C1837 /* Array+Only.swift in Sources */,
				9E6527DB256FD75700F95E08 /* GridLayout.swift in Sources */,
				9EC04A3E256D8CC000C37E7F /* EmojiMemoryGameView.swift in Sources */,
				9E674812256FE033004C1837 /* Array+Identifiable.swift in Sources */,
				9E6527DE256FD79600F95E08 /* Grid.swift in Sources */,
				9EC04A53256E751F00C37E7F /* EmojiMemoryGame.swift in Sources */,
			);
			runOnlyForDeploymentPostprocessing = 0;
		};
/* End PBXSourcesBuildPhase section */

/* Begin PBXVariantGroup section */
		9EC04A44256D8CC400C37E7F /* LaunchScreen.storyboard */ = {
			isa = PBXVariantGroup;
			children = (
				9EC04A45256D8CC400C37E7F /* Base */,
			);
			name = LaunchScreen.storyboard;
			sourceTree = "<group>";
		};
/* End PBXVariantGroup section */

/* Begin XCBuildConfiguration section */
		9EC04A48256D8CC400C37E7F /* Debug */ = {
			isa = XCBuildConfiguration;
			buildSettings = {
				ALWAYS_SEARCH_USER_PATHS = NO;
				CLANG_ANALYZER_NONNULL = YES;
				CLANG_ANALYZER_NUMBER_OBJECT_CONVERSION = YES_AGGRESSIVE;
				CLANG_CXX_LANGUAGE_STANDARD = "gnu++14";
				CLANG_CXX_LIBRARY = "libc++";
				CLANG_ENABLE_MODULES = YES;
				CLANG_ENABLE_OBJC_ARC = YES;
				CLANG_ENABLE_OBJC_WEAK = YES;
				CLANG_WARN_BLOCK_CAPTURE_AUTORELEASING = YES;
				CLANG_WARN_BOOL_CONVERSION = YES;
				CLANG_WARN_COMMA = YES;
				CLANG_WARN_CONSTANT_CONVERSION = YES;
				CLANG_WARN_DEPRECATED_OBJC_IMPLEMENTATIONS = YES;
				CLANG_WARN_DIRECT_OBJC_ISA_USAGE = YES_ERROR;
				CLANG_WARN_DOCUMENTATION_COMMENTS = YES;
				CLANG_WARN_EMPTY_BODY = YES;
				CLANG_WARN_ENUM_CONVERSION = YES;
				CLANG_WARN_INFINITE_RECURSION = YES;
				CLANG_WARN_INT_CONVERSION = YES;
				CLANG_WARN_NON_LITERAL_NULL_CONVERSION = YES;
				CLANG_WARN_OBJC_IMPLICIT_RETAIN_SELF = YES;
				CLANG_WARN_OBJC_LITERAL_CONVERSION = YES;
				CLANG_WARN_OBJC_ROOT_CLASS = YES_ERROR;
				CLANG_WARN_QUOTED_INCLUDE_IN_FRAMEWORK_HEADER = YES;
				CLANG_WARN_RANGE_LOOP_ANALYSIS = YES;
				CLANG_WARN_STRICT_PROTOTYPES = YES;
				CLANG_WARN_SUSPICIOUS_MOVE = YES;
				CLANG_WARN_UNGUARDED_AVAILABILITY = YES_AGGRESSIVE;
				CLANG_WARN_UNREACHABLE_CODE = YES;
				CLANG_WARN__DUPLICATE_METHOD_MATCH = YES;
				COPY_PHASE_STRIP = NO;
				DEBUG_INFORMATION_FORMAT = dwarf;
				ENABLE_STRICT_OBJC_MSGSEND = YES;
				ENABLE_TESTABILITY = YES;
				GCC_C_LANGUAGE_STANDARD = gnu11;
				GCC_DYNAMIC_NO_PIC = NO;
				GCC_NO_COMMON_BLOCKS = YES;
				GCC_OPTIMIZATION_LEVEL = 0;
				GCC_PREPROCESSOR_DEFINITIONS = (
					"DEBUG=1",
					"$(inherited)",
				);
				GCC_WARN_64_TO_32_BIT_CONVERSION = YES;
				GCC_WARN_ABOUT_RETURN_TYPE = YES_ERROR;
				GCC_WARN_UNDECLARED_SELECTOR = YES;
				GCC_WARN_UNINITIALIZED_AUTOS = YES_AGGRESSIVE;
				GCC_WARN_UNUSED_FUNCTION = YES;
				GCC_WARN_UNUSED_VARIABLE = YES;
				IPHONEOS_DEPLOYMENT_TARGET = 14.2;
				MTL_ENABLE_DEBUG_INFO = INCLUDE_SOURCE;
				MTL_FAST_MATH = YES;
				ONLY_ACTIVE_ARCH = YES;
				SDKROOT = iphoneos;
				SWIFT_ACTIVE_COMPILATION_CONDITIONS = DEBUG;
				SWIFT_OPTIMIZATION_LEVEL = "-Onone";
			};
			name = Debug;
		};
		9EC04A49256D8CC400C37E7F /* Release */ = {
			isa = XCBuildConfiguration;
			buildSettings = {
				ALWAYS_SEARCH_USER_PATHS = NO;
				CLANG_ANALYZER_NONNULL = YES;
				CLANG_ANALYZER_NUMBER_OBJECT_CONVERSION = YES_AGGRESSIVE;
				CLANG_CXX_LANGUAGE_STANDARD = "gnu++14";
				CLANG_CXX_LIBRARY = "libc++";
				CLANG_ENABLE_MODULES = YES;
				CLANG_ENABLE_OBJC_ARC = YES;
				CLANG_ENABLE_OBJC_WEAK = YES;
				CLANG_WARN_BLOCK_CAPTURE_AUTORELEASING = YES;
				CLANG_WARN_BOOL_CONVERSION = YES;
				CLANG_WARN_COMMA = YES;
				CLANG_WARN_CONSTANT_CONVERSION = YES;
				CLANG_WARN_DEPRECATED_OBJC_IMPLEMENTATIONS = YES;
				CLANG_WARN_DIRECT_OBJC_ISA_USAGE = YES_ERROR;
				CLANG_WARN_DOCUMENTATION_COMMENTS = YES;
				CLANG_WARN_EMPTY_BODY = YES;
				CLANG_WARN_ENUM_CONVERSION = YES;
				CLANG_WARN_INFINITE_RECURSION = YES;
				CLANG_WARN_INT_CONVERSION = YES;
				CLANG_WARN_NON_LITERAL_NULL_CONVERSION = YES;
				CLANG_WARN_OBJC_IMPLICIT_RETAIN_SELF = YES;
				CLANG_WARN_OBJC_LITERAL_CONVERSION = YES;
				CLANG_WARN_OBJC_ROOT_CLASS = YES_ERROR;
				CLANG_WARN_QUOTED_INCLUDE_IN_FRAMEWORK_HEADER = YES;
				CLANG_WARN_RANGE_LOOP_ANALYSIS = YES;
				CLANG_WARN_STRICT_PROTOTYPES = YES;
				CLANG_WARN_SUSPICIOUS_MOVE = YES;
				CLANG_WARN_UNGUARDED_AVAILABILITY = YES_AGGRESSIVE;
				CLANG_WARN_UNREACHABLE_CODE = YES;
				CLANG_WARN__DUPLICATE_METHOD_MATCH = YES;
				COPY_PHASE_STRIP = NO;
				DEBUG_INFORMATION_FORMAT = "dwarf-with-dsym";
				ENABLE_NS_ASSERTIONS = NO;
				ENABLE_STRICT_OBJC_MSGSEND = YES;
				GCC_C_LANGUAGE_STANDARD = gnu11;
				GCC_NO_COMMON_BLOCKS = YES;
				GCC_WARN_64_TO_32_BIT_CONVERSION = YES;
				GCC_WARN_ABOUT_RETURN_TYPE = YES_ERROR;
				GCC_WARN_UNDECLARED_SELECTOR = YES;
				GCC_WARN_UNINITIALIZED_AUTOS = YES_AGGRESSIVE;
				GCC_WARN_UNUSED_FUNCTION = YES;
				GCC_WARN_UNUSED_VARIABLE = YES;
				IPHONEOS_DEPLOYMENT_TARGET = 14.2;
				MTL_ENABLE_DEBUG_INFO = NO;
				MTL_FAST_MATH = YES;
				SDKROOT = iphoneos;
				SWIFT_COMPILATION_MODE = wholemodule;
				SWIFT_OPTIMIZATION_LEVEL = "-O";
				VALIDATE_PRODUCT = YES;
			};
			name = Release;
		};
		9EC04A4B256D8CC400C37E7F /* Debug */ = {
			isa = XCBuildConfiguration;
			buildSettings = {
				ASSETCATALOG_COMPILER_APPICON_NAME = AppIcon;
				ASSETCATALOG_COMPILER_GLOBAL_ACCENT_COLOR_NAME = AccentColor;
				CODE_SIGN_STYLE = Automatic;
				DEVELOPMENT_ASSET_PATHS = "\"Memorize/Preview Content\"";
				DEVELOPMENT_TEAM = YAN4DT9JX2;
				ENABLE_PREVIEWS = YES;
				INFOPLIST_FILE = Memorize/Info.plist;
				LD_RUNPATH_SEARCH_PATHS = (
					"$(inherited)",
					"@executable_path/Frameworks",
				);
				PRODUCT_BUNDLE_IDENTIFIER = com.vladyslavlietun.Memorize;
				PRODUCT_NAME = "$(TARGET_NAME)";
				SWIFT_VERSION = 5.0;
				TARGETED_DEVICE_FAMILY = "1,2";
			};
			name = Debug;
		};
		9EC04A4C256D8CC400C37E7F /* Release */ = {
			isa = XCBuildConfiguration;
			buildSettings = {
				ASSETCATALOG_COMPILER_APPICON_NAME = AppIcon;
				ASSETCATALOG_COMPILER_GLOBAL_ACCENT_COLOR_NAME = AccentColor;
				CODE_SIGN_STYLE = Automatic;
				DEVELOPMENT_ASSET_PATHS = "\"Memorize/Preview Content\"";
				DEVELOPMENT_TEAM = YAN4DT9JX2;
				ENABLE_PREVIEWS = YES;
				INFOPLIST_FILE = Memorize/Info.plist;
				LD_RUNPATH_SEARCH_PATHS = (
					"$(inherited)",
					"@executable_path/Frameworks",
				);
				PRODUCT_BUNDLE_IDENTIFIER = com.vladyslavlietun.Memorize;
				PRODUCT_NAME = "$(TARGET_NAME)";
				SWIFT_VERSION = 5.0;
				TARGETED_DEVICE_FAMILY = "1,2";
			};
			name = Release;
		};
/* End XCBuildConfiguration section */

/* Begin XCConfigurationList section */
		9EC04A31256D8CC000C37E7F /* Build configuration list for PBXProject "Memorize" */ = {
			isa = XCConfigurationList;
			buildConfigurations = (
				9EC04A48256D8CC400C37E7F /* Debug */,
				9EC04A49256D8CC400C37E7F /* Release */,
			);
			defaultConfigurationIsVisible = 0;
			defaultConfigurationName = Release;
		};
		9EC04A4A256D8CC400C37E7F /* Build configuration list for PBXNativeTarget "Memorize" */ = {
			isa = XCConfigurationList;
			buildConfigurations = (
				9EC04A4B256D8CC400C37E7F /* Debug */,
				9EC04A4C256D8CC400C37E7F /* Release */,
			);
			defaultConfigurationIsVisible = 0;
			defaultConfigurationName = Release;
		};
/* End XCConfigurationList section */
	};
	rootObject = 9EC04A2E256D8CC000C37E7F /* Project object */;
}
